// !$*UTF8*$!
{
	archiveVersion = 1;
	classes = {
	};
	objectVersion = 46;
	objects = {

/* Begin PBXBuildFile section */
		BCCEA4651A17CA1500338362 /* CoreLocation.framework in Frameworks */ = {isa = PBXBuildFile; fileRef = BCCEA4641A17CA1500338362 /* CoreLocation.framework */; };
		BCE9890E1A15085A0051566F /* GoogleMaps.framework in Frameworks */ = {isa = PBXBuildFile; fileRef = BCE9890D1A15085A0051566F /* GoogleMaps.framework */; };
		BCE989101A1508920051566F /* GoogleMaps.bundle in Resources */ = {isa = PBXBuildFile; fileRef = BCE9890F1A1508920051566F /* GoogleMaps.bundle */; };
		BCE989121A1509010051566F /* AVFoundation.framework in Frameworks */ = {isa = PBXBuildFile; fileRef = BCE989111A1509010051566F /* AVFoundation.framework */; };
		BCE989141A1509170051566F /* CoreData.framework in Frameworks */ = {isa = PBXBuildFile; fileRef = BCE989131A1509170051566F /* CoreData.framework */; };
		BCE989161A1509380051566F /* CoreText.framework in Frameworks */ = {isa = PBXBuildFile; fileRef = BCE989151A1509380051566F /* CoreText.framework */; };
		BCE989181A1509420051566F /* GLKit.framework in Frameworks */ = {isa = PBXBuildFile; fileRef = BCE989171A1509420051566F /* GLKit.framework */; };
		BCE9891A1A1509530051566F /* ImageIO.framework in Frameworks */ = {isa = PBXBuildFile; fileRef = BCE989191A1509530051566F /* ImageIO.framework */; };
		BCE9891C1A1509650051566F /* libc++.dylib in Frameworks */ = {isa = PBXBuildFile; fileRef = BCE9891B1A1509650051566F /* libc++.dylib */; };
		BCE9891E1A1509760051566F /* libicucore.dylib in Frameworks */ = {isa = PBXBuildFile; fileRef = BCE9891D1A1509760051566F /* libicucore.dylib */; };
		BCE989201A1509840051566F /* libz.dylib in Frameworks */ = {isa = PBXBuildFile; fileRef = BCE9891F1A1509840051566F /* libz.dylib */; };
		BCE989221A15098E0051566F /* OpenGLES.framework in Frameworks */ = {isa = PBXBuildFile; fileRef = BCE989211A15098E0051566F /* OpenGLES.framework */; };
		BCE989241A1509960051566F /* QuartzCore.framework in Frameworks */ = {isa = PBXBuildFile; fileRef = BCE989231A1509960051566F /* QuartzCore.framework */; };
		BCE989261A15099D0051566F /* SystemConfiguration.framework in Frameworks */ = {isa = PBXBuildFile; fileRef = BCE989251A15099D0051566F /* SystemConfiguration.framework */; };
		BCE9896F1A17A6A80051566F /* GoogleDataProvider.swift in Sources */ = {isa = PBXBuildFile; fileRef = BCE9896D1A17A6A70051566F /* GoogleDataProvider.swift */; };
		BCE989701A17A6A80051566F /* GooglePlace.swift in Sources */ = {isa = PBXBuildFile; fileRef = BCE9896E1A17A6A80051566F /* GooglePlace.swift */; };
		BCE989771A17A7F60051566F /* MarkerInfoView.swift in Sources */ = {isa = PBXBuildFile; fileRef = BCE989741A17A7F60051566F /* MarkerInfoView.swift */; };
		BCE989781A17A7F60051566F /* MarkerInfoView.xib in Resources */ = {isa = PBXBuildFile; fileRef = BCE989751A17A7F60051566F /* MarkerInfoView.xib */; };
		BCE989791A17A7F60051566F /* UIViewExtension.swift in Sources */ = {isa = PBXBuildFile; fileRef = BCE989761A17A7F60051566F /* UIViewExtension.swift */; };
		DE54748D1A110BF800AAE49F /* Location_Plist_test.plist in Resources */ = {isa = PBXBuildFile; fileRef = DE54748C1A110BF800AAE49F /* Location_Plist_test.plist */; };
		DE7B4B261A0D0EF100FF1140 /* AppDelegate.swift in Sources */ = {isa = PBXBuildFile; fileRef = DE7B4B251A0D0EF100FF1140 /* AppDelegate.swift */; };
		DE7B4B2B1A0D0EF100FF1140 /* Main.storyboard in Resources */ = {isa = PBXBuildFile; fileRef = DE7B4B291A0D0EF100FF1140 /* Main.storyboard */; };
		DE7B4B2D1A0D0EF100FF1140 /* Images.xcassets in Resources */ = {isa = PBXBuildFile; fileRef = DE7B4B2C1A0D0EF100FF1140 /* Images.xcassets */; };
		DE7B4B301A0D0EF100FF1140 /* LaunchScreen.xib in Resources */ = {isa = PBXBuildFile; fileRef = DE7B4B2E1A0D0EF100FF1140 /* LaunchScreen.xib */; };
		DE7B4B3C1A0D0EF100FF1140 /* AlohaTests.swift in Sources */ = {isa = PBXBuildFile; fileRef = DE7B4B3B1A0D0EF100FF1140 /* AlohaTests.swift */; };
		DEA8C9321A10F8C3003C5761 /* Location.swift in Sources */ = {isa = PBXBuildFile; fileRef = DEA8C9311A10F8C3003C5761 /* Location.swift */; };
		DEA8C9341A10F8E1003C5761 /* Vault.swift in Sources */ = {isa = PBXBuildFile; fileRef = DEA8C9331A10F8E1003C5761 /* Vault.swift */; };
		DEA8C9361A10F8E7003C5761 /* MapModel.swift in Sources */ = {isa = PBXBuildFile; fileRef = DEA8C9351A10F8E7003C5761 /* MapModel.swift */; };
		DEA8C93A1A10F8FA003C5761 /* MapController.swift in Sources */ = {isa = PBXBuildFile; fileRef = DEA8C9391A10F8FA003C5761 /* MapController.swift */; };
		DEA8C93C1A10F903003C5761 /* LocationEditorController.swift in Sources */ = {isa = PBXBuildFile; fileRef = DEA8C93B1A10F903003C5761 /* LocationEditorController.swift */; };
		DEA8C93E1A10F90A003C5761 /* LocationEditorView.swift in Sources */ = {isa = PBXBuildFile; fileRef = DEA8C93D1A10F90A003C5761 /* LocationEditorView.swift */; };
		DEA8C9401A10F914003C5761 /* LocationEditorModel.swift in Sources */ = {isa = PBXBuildFile; fileRef = DEA8C93F1A10F914003C5761 /* LocationEditorModel.swift */; };
		DEA8C9421A10F91F003C5761 /* SidebarController.swift in Sources */ = {isa = PBXBuildFile; fileRef = DEA8C9411A10F91F003C5761 /* SidebarController.swift */; };
		DEA8C9441A10F928003C5761 /* SiderbarModel.swift in Sources */ = {isa = PBXBuildFile; fileRef = DEA8C9431A10F928003C5761 /* SiderbarModel.swift */; };
		DEA8C9461A10F92D003C5761 /* SidebarView.swift in Sources */ = {isa = PBXBuildFile; fileRef = DEA8C9451A10F92D003C5761 /* SidebarView.swift */; };
/* End PBXBuildFile section */

/* Begin PBXContainerItemProxy section */
		DE7B4B361A0D0EF100FF1140 /* PBXContainerItemProxy */ = {
			isa = PBXContainerItemProxy;
			containerPortal = DE7B4B181A0D0EF100FF1140 /* Project object */;
			proxyType = 1;
			remoteGlobalIDString = DE7B4B1F1A0D0EF100FF1140;
			remoteInfo = Aloha;
		};
/* End PBXContainerItemProxy section */

/* Begin PBXFileReference section */
		BCCEA4641A17CA1500338362 /* CoreLocation.framework */ = {isa = PBXFileReference; lastKnownFileType = wrapper.framework; name = CoreLocation.framework; path = System/Library/Frameworks/CoreLocation.framework; sourceTree = SDKROOT; };
		BCE9890D1A15085A0051566F /* GoogleMaps.framework */ = {isa = PBXFileReference; lastKnownFileType = wrapper.framework; path = GoogleMaps.framework; sourceTree = "<group>"; };
		BCE9890F1A1508920051566F /* GoogleMaps.bundle */ = {isa = PBXFileReference; lastKnownFileType = "wrapper.plug-in"; name = GoogleMaps.bundle; path = GoogleMaps.framework/Versions/A/Resources/GoogleMaps.bundle; sourceTree = "<group>"; };
		BCE989111A1509010051566F /* AVFoundation.framework */ = {isa = PBXFileReference; lastKnownFileType = wrapper.framework; name = AVFoundation.framework; path = System/Library/Frameworks/AVFoundation.framework; sourceTree = SDKROOT; };
		BCE989131A1509170051566F /* CoreData.framework */ = {isa = PBXFileReference; lastKnownFileType = wrapper.framework; name = CoreData.framework; path = System/Library/Frameworks/CoreData.framework; sourceTree = SDKROOT; };
		BCE989151A1509380051566F /* CoreText.framework */ = {isa = PBXFileReference; lastKnownFileType = wrapper.framework; name = CoreText.framework; path = System/Library/Frameworks/CoreText.framework; sourceTree = SDKROOT; };
		BCE989171A1509420051566F /* GLKit.framework */ = {isa = PBXFileReference; lastKnownFileType = wrapper.framework; name = GLKit.framework; path = System/Library/Frameworks/GLKit.framework; sourceTree = SDKROOT; };
		BCE989191A1509530051566F /* ImageIO.framework */ = {isa = PBXFileReference; lastKnownFileType = wrapper.framework; name = ImageIO.framework; path = System/Library/Frameworks/ImageIO.framework; sourceTree = SDKROOT; };
		BCE9891B1A1509650051566F /* libc++.dylib */ = {isa = PBXFileReference; lastKnownFileType = "compiled.mach-o.dylib"; name = "libc++.dylib"; path = "usr/lib/libc++.dylib"; sourceTree = SDKROOT; };
		BCE9891D1A1509760051566F /* libicucore.dylib */ = {isa = PBXFileReference; lastKnownFileType = "compiled.mach-o.dylib"; name = libicucore.dylib; path = usr/lib/libicucore.dylib; sourceTree = SDKROOT; };
		BCE9891F1A1509840051566F /* libz.dylib */ = {isa = PBXFileReference; lastKnownFileType = "compiled.mach-o.dylib"; name = libz.dylib; path = usr/lib/libz.dylib; sourceTree = SDKROOT; };
		BCE989211A15098E0051566F /* OpenGLES.framework */ = {isa = PBXFileReference; lastKnownFileType = wrapper.framework; name = OpenGLES.framework; path = System/Library/Frameworks/OpenGLES.framework; sourceTree = SDKROOT; };
		BCE989231A1509960051566F /* QuartzCore.framework */ = {isa = PBXFileReference; lastKnownFileType = wrapper.framework; name = QuartzCore.framework; path = System/Library/Frameworks/QuartzCore.framework; sourceTree = SDKROOT; };
		BCE989251A15099D0051566F /* SystemConfiguration.framework */ = {isa = PBXFileReference; lastKnownFileType = wrapper.framework; name = SystemConfiguration.framework; path = System/Library/Frameworks/SystemConfiguration.framework; sourceTree = SDKROOT; };
		BCE9896D1A17A6A70051566F /* GoogleDataProvider.swift */ = {isa = PBXFileReference; fileEncoding = 4; lastKnownFileType = sourcecode.swift; path = GoogleDataProvider.swift; sourceTree = "<group>"; };
		BCE9896E1A17A6A80051566F /* GooglePlace.swift */ = {isa = PBXFileReference; fileEncoding = 4; lastKnownFileType = sourcecode.swift; path = GooglePlace.swift; sourceTree = "<group>"; };
		BCE989741A17A7F60051566F /* MarkerInfoView.swift */ = {isa = PBXFileReference; fileEncoding = 4; lastKnownFileType = sourcecode.swift; path = MarkerInfoView.swift; sourceTree = "<group>"; };
		BCE989751A17A7F60051566F /* MarkerInfoView.xib */ = {isa = PBXFileReference; fileEncoding = 4; lastKnownFileType = file.xib; path = MarkerInfoView.xib; sourceTree = "<group>"; };
		BCE989761A17A7F60051566F /* UIViewExtension.swift */ = {isa = PBXFileReference; fileEncoding = 4; lastKnownFileType = sourcecode.swift; path = UIViewExtension.swift; sourceTree = "<group>"; };
		DE54748C1A110BF800AAE49F /* Location_Plist_test.plist */ = {isa = PBXFileReference; fileEncoding = 4; lastKnownFileType = text.plist.xml; path = Location_Plist_test.plist; sourceTree = "<group>"; };
		DE7B4B201A0D0EF100FF1140 /* Aloha.app */ = {isa = PBXFileReference; explicitFileType = wrapper.application; includeInIndex = 0; path = Aloha.app; sourceTree = BUILT_PRODUCTS_DIR; };
		DE7B4B241A0D0EF100FF1140 /* Info.plist */ = {isa = PBXFileReference; lastKnownFileType = text.plist.xml; path = Info.plist; sourceTree = "<group>"; };
		DE7B4B251A0D0EF100FF1140 /* AppDelegate.swift */ = {isa = PBXFileReference; lastKnownFileType = sourcecode.swift; path = AppDelegate.swift; sourceTree = "<group>"; };
		DE7B4B2A1A0D0EF100FF1140 /* Base */ = {isa = PBXFileReference; lastKnownFileType = file.storyboard; name = Base; path = Base.lproj/Main.storyboard; sourceTree = "<group>"; };
		DE7B4B2C1A0D0EF100FF1140 /* Images.xcassets */ = {isa = PBXFileReference; lastKnownFileType = folder.assetcatalog; path = Images.xcassets; sourceTree = "<group>"; };
		DE7B4B2F1A0D0EF100FF1140 /* Base */ = {isa = PBXFileReference; lastKnownFileType = file.xib; name = Base; path = Base.lproj/LaunchScreen.xib; sourceTree = "<group>"; };
		DE7B4B351A0D0EF100FF1140 /* AlohaTests.xctest */ = {isa = PBXFileReference; explicitFileType = wrapper.cfbundle; includeInIndex = 0; path = AlohaTests.xctest; sourceTree = BUILT_PRODUCTS_DIR; };
		DE7B4B3A1A0D0EF100FF1140 /* Info.plist */ = {isa = PBXFileReference; lastKnownFileType = text.plist.xml; path = Info.plist; sourceTree = "<group>"; };
		DE7B4B3B1A0D0EF100FF1140 /* AlohaTests.swift */ = {isa = PBXFileReference; lastKnownFileType = sourcecode.swift; path = AlohaTests.swift; sourceTree = "<group>"; };
		DEA8C9311A10F8C3003C5761 /* Location.swift */ = {isa = PBXFileReference; fileEncoding = 4; lastKnownFileType = sourcecode.swift; path = Location.swift; sourceTree = "<group>"; };
		DEA8C9331A10F8E1003C5761 /* Vault.swift */ = {isa = PBXFileReference; fileEncoding = 4; lastKnownFileType = sourcecode.swift; path = Vault.swift; sourceTree = "<group>"; };
		DEA8C9351A10F8E7003C5761 /* MapModel.swift */ = {isa = PBXFileReference; fileEncoding = 4; lastKnownFileType = sourcecode.swift; path = MapModel.swift; sourceTree = "<group>"; };
		DEA8C9391A10F8FA003C5761 /* MapController.swift */ = {isa = PBXFileReference; fileEncoding = 4; lastKnownFileType = sourcecode.swift; path = MapController.swift; sourceTree = "<group>"; };
		DEA8C93B1A10F903003C5761 /* LocationEditorController.swift */ = {isa = PBXFileReference; fileEncoding = 4; lastKnownFileType = sourcecode.swift; path = LocationEditorController.swift; sourceTree = "<group>"; };
		DEA8C93D1A10F90A003C5761 /* LocationEditorView.swift */ = {isa = PBXFileReference; fileEncoding = 4; lastKnownFileType = sourcecode.swift; path = LocationEditorView.swift; sourceTree = "<group>"; };
		DEA8C93F1A10F914003C5761 /* LocationEditorModel.swift */ = {isa = PBXFileReference; fileEncoding = 4; lastKnownFileType = sourcecode.swift; path = LocationEditorModel.swift; sourceTree = "<group>"; };
		DEA8C9411A10F91F003C5761 /* SidebarController.swift */ = {isa = PBXFileReference; fileEncoding = 4; lastKnownFileType = sourcecode.swift; path = SidebarController.swift; sourceTree = "<group>"; };
		DEA8C9431A10F928003C5761 /* SiderbarModel.swift */ = {isa = PBXFileReference; fileEncoding = 4; lastKnownFileType = sourcecode.swift; path = SiderbarModel.swift; sourceTree = "<group>"; };
		DEA8C9451A10F92D003C5761 /* SidebarView.swift */ = {isa = PBXFileReference; fileEncoding = 4; lastKnownFileType = sourcecode.swift; path = SidebarView.swift; sourceTree = "<group>"; };
/* End PBXFileReference section */

/* Begin PBXFrameworksBuildPhase section */
		DE7B4B1D1A0D0EF100FF1140 /* Frameworks */ = {
			isa = PBXFrameworksBuildPhase;
			buildActionMask = 2147483647;
			files = (
				BCCEA4651A17CA1500338362 /* CoreLocation.framework in Frameworks */,
				BCE989261A15099D0051566F /* SystemConfiguration.framework in Frameworks */,
				BCE989241A1509960051566F /* QuartzCore.framework in Frameworks */,
				BCE989221A15098E0051566F /* OpenGLES.framework in Frameworks */,
				BCE989201A1509840051566F /* libz.dylib in Frameworks */,
				BCE9891E1A1509760051566F /* libicucore.dylib in Frameworks */,
				BCE9891C1A1509650051566F /* libc++.dylib in Frameworks */,
				BCE9891A1A1509530051566F /* ImageIO.framework in Frameworks */,
				BCE989181A1509420051566F /* GLKit.framework in Frameworks */,
				BCE989161A1509380051566F /* CoreText.framework in Frameworks */,
				BCE989141A1509170051566F /* CoreData.framework in Frameworks */,
				BCE989121A1509010051566F /* AVFoundation.framework in Frameworks */,
				BCE9890E1A15085A0051566F /* GoogleMaps.framework in Frameworks */,
			);
			runOnlyForDeploymentPostprocessing = 0;
		};
		DE7B4B321A0D0EF100FF1140 /* Frameworks */ = {
			isa = PBXFrameworksBuildPhase;
			buildActionMask = 2147483647;
			files = (
			);
			runOnlyForDeploymentPostprocessing = 0;
		};
/* End PBXFrameworksBuildPhase section */

/* Begin PBXGroup section */
		BCE9892A1A1524170051566F /* Frameworks */ = {
			isa = PBXGroup;
			children = (
				BCE989111A1509010051566F /* AVFoundation.framework */,
				BCE989131A1509170051566F /* CoreData.framework */,
				BCCEA4641A17CA1500338362 /* CoreLocation.framework */,
				BCE989151A1509380051566F /* CoreText.framework */,
				BCE989171A1509420051566F /* GLKit.framework */,
				BCE9890F1A1508920051566F /* GoogleMaps.bundle */,
				BCE9890D1A15085A0051566F /* GoogleMaps.framework */,
				BCE989191A1509530051566F /* ImageIO.framework */,
				BCE9891B1A1509650051566F /* libc++.dylib */,
				BCE9891D1A1509760051566F /* libicucore.dylib */,
				BCE9891F1A1509840051566F /* libz.dylib */,
				BCE989211A15098E0051566F /* OpenGLES.framework */,
				BCE989231A1509960051566F /* QuartzCore.framework */,
				BCE989251A15099D0051566F /* SystemConfiguration.framework */,
			);
			name = Frameworks;
			path = ..;
			sourceTree = "<group>";
		};
		BCE989711A17A7140051566F /* Models */ = {
			isa = PBXGroup;
			children = (
				DEA8C9311A10F8C3003C5761 /* Location.swift */,
				DEA8C9331A10F8E1003C5761 /* Vault.swift */,
				BCE9896D1A17A6A70051566F /* GoogleDataProvider.swift */,
				BCE9896E1A17A6A80051566F /* GooglePlace.swift */,
				DEA8C9351A10F8E7003C5761 /* MapModel.swift */,
				DEA8C93F1A10F914003C5761 /* LocationEditorModel.swift */,
				DEA8C9431A10F928003C5761 /* SiderbarModel.swift */,
			);
			name = Models;
			sourceTree = "<group>";
		};
		BCE989721A17A71E0051566F /* Views */ = {
			isa = PBXGroup;
			children = (
				BCE989741A17A7F60051566F /* MarkerInfoView.swift */,
				BCE989751A17A7F60051566F /* MarkerInfoView.xib */,
				BCE989761A17A7F60051566F /* UIViewExtension.swift */,
				DEA8C93D1A10F90A003C5761 /* LocationEditorView.swift */,
				DEA8C9451A10F92D003C5761 /* SidebarView.swift */,
			);
			name = Views;
			sourceTree = "<group>";
		};
		BCE989731A17A7260051566F /* Controllers */ = {
			isa = PBXGroup;
			children = (
				DEA8C93B1A10F903003C5761 /* LocationEditorController.swift */,
				DEA8C9411A10F91F003C5761 /* SidebarController.swift */,
				DEA8C9391A10F8FA003C5761 /* MapController.swift */,
			);
			name = Controllers;
			sourceTree = "<group>";
		};
		DE7B4B171A0D0EF100FF1140 = {
			isa = PBXGroup;
			children = (
				DE7B4B221A0D0EF100FF1140 /* Aloha */,
				DE7B4B381A0D0EF100FF1140 /* AlohaTests */,
				DE7B4B211A0D0EF100FF1140 /* Products */,
			);
			sourceTree = "<group>";
		};
		DE7B4B211A0D0EF100FF1140 /* Products */ = {
			isa = PBXGroup;
			children = (
				DE7B4B201A0D0EF100FF1140 /* Aloha.app */,
				DE7B4B351A0D0EF100FF1140 /* AlohaTests.xctest */,
			);
			name = Products;
			sourceTree = "<group>";
		};
		DE7B4B221A0D0EF100FF1140 /* Aloha */ = {
			isa = PBXGroup;
			children = (
				BCE989731A17A7260051566F /* Controllers */,
				BCE989721A17A71E0051566F /* Views */,
				BCE989711A17A7140051566F /* Models */,
				BCE9892A1A1524170051566F /* Frameworks */,
				DE7B4B251A0D0EF100FF1140 /* AppDelegate.swift */,
				DE7B4B291A0D0EF100FF1140 /* Main.storyboard */,
				DE7B4B2C1A0D0EF100FF1140 /* Images.xcassets */,
				DE7B4B2E1A0D0EF100FF1140 /* LaunchScreen.xib */,
				DE7B4B231A0D0EF100FF1140 /* Supporting Files */,
				DE54748C1A110BF800AAE49F /* Location_Plist_test.plist */,
			);
			path = Aloha;
			sourceTree = "<group>";
		};
		DE7B4B231A0D0EF100FF1140 /* Supporting Files */ = {
			isa = PBXGroup;
			children = (
				DE7B4B241A0D0EF100FF1140 /* Info.plist */,
			);
			name = "Supporting Files";
			sourceTree = "<group>";
		};
		DE7B4B381A0D0EF100FF1140 /* AlohaTests */ = {
			isa = PBXGroup;
			children = (
				DE7B4B3B1A0D0EF100FF1140 /* AlohaTests.swift */,
				DE7B4B391A0D0EF100FF1140 /* Supporting Files */,
			);
			path = AlohaTests;
			sourceTree = "<group>";
		};
		DE7B4B391A0D0EF100FF1140 /* Supporting Files */ = {
			isa = PBXGroup;
			children = (
				DE7B4B3A1A0D0EF100FF1140 /* Info.plist */,
			);
			name = "Supporting Files";
			sourceTree = "<group>";
		};
/* End PBXGroup section */

/* Begin PBXNativeTarget section */
		DE7B4B1F1A0D0EF100FF1140 /* Aloha */ = {
			isa = PBXNativeTarget;
			buildConfigurationList = DE7B4B3F1A0D0EF100FF1140 /* Build configuration list for PBXNativeTarget "Aloha" */;
			buildPhases = (
				DE7B4B1C1A0D0EF100FF1140 /* Sources */,
				DE7B4B1D1A0D0EF100FF1140 /* Frameworks */,
				DE7B4B1E1A0D0EF100FF1140 /* Resources */,
			);
			buildRules = (
			);
			dependencies = (
			);
			name = Aloha;
			productName = Aloha;
			productReference = DE7B4B201A0D0EF100FF1140 /* Aloha.app */;
			productType = "com.apple.product-type.application";
		};
		DE7B4B341A0D0EF100FF1140 /* AlohaTests */ = {
			isa = PBXNativeTarget;
			buildConfigurationList = DE7B4B421A0D0EF100FF1140 /* Build configuration list for PBXNativeTarget "AlohaTests" */;
			buildPhases = (
				DE7B4B311A0D0EF100FF1140 /* Sources */,
				DE7B4B321A0D0EF100FF1140 /* Frameworks */,
				DE7B4B331A0D0EF100FF1140 /* Resources */,
			);
			buildRules = (
			);
			dependencies = (
				DE7B4B371A0D0EF100FF1140 /* PBXTargetDependency */,
			);
			name = AlohaTests;
			productName = AlohaTests;
			productReference = DE7B4B351A0D0EF100FF1140 /* AlohaTests.xctest */;
			productType = "com.apple.product-type.bundle.unit-test";
		};
/* End PBXNativeTarget section */

/* Begin PBXProject section */
		DE7B4B181A0D0EF100FF1140 /* Project object */ = {
			isa = PBXProject;
			attributes = {
				LastUpgradeCheck = 0610;
				ORGANIZATIONNAME = Medien;
				TargetAttributes = {
					DE7B4B1F1A0D0EF100FF1140 = {
						CreatedOnToolsVersion = 6.1;
					};
					DE7B4B341A0D0EF100FF1140 = {
						CreatedOnToolsVersion = 6.1;
						TestTargetID = DE7B4B1F1A0D0EF100FF1140;
					};
				};
			};
			buildConfigurationList = DE7B4B1B1A0D0EF100FF1140 /* Build configuration list for PBXProject "Aloha" */;
			compatibilityVersion = "Xcode 3.2";
			developmentRegion = English;
			hasScannedForEncodings = 0;
			knownRegions = (
				en,
				Base,
			);
			mainGroup = DE7B4B171A0D0EF100FF1140;
			productRefGroup = DE7B4B211A0D0EF100FF1140 /* Products */;
			projectDirPath = "";
			projectRoot = "";
			targets = (
				DE7B4B1F1A0D0EF100FF1140 /* Aloha */,
				DE7B4B341A0D0EF100FF1140 /* AlohaTests */,
			);
		};
/* End PBXProject section */

/* Begin PBXResourcesBuildPhase section */
		DE7B4B1E1A0D0EF100FF1140 /* Resources */ = {
			isa = PBXResourcesBuildPhase;
			buildActionMask = 2147483647;
			files = (
				DE7B4B2B1A0D0EF100FF1140 /* Main.storyboard in Resources */,
				DE7B4B301A0D0EF100FF1140 /* LaunchScreen.xib in Resources */,
				DE54748D1A110BF800AAE49F /* Location_Plist_test.plist in Resources */,
				DE7B4B2D1A0D0EF100FF1140 /* Images.xcassets in Resources */,
				BCE989781A17A7F60051566F /* MarkerInfoView.xib in Resources */,
				BCE989101A1508920051566F /* GoogleMaps.bundle in Resources */,
			);
			runOnlyForDeploymentPostprocessing = 0;
		};
		DE7B4B331A0D0EF100FF1140 /* Resources */ = {
			isa = PBXResourcesBuildPhase;
			buildActionMask = 2147483647;
			files = (
			);
			runOnlyForDeploymentPostprocessing = 0;
		};
/* End PBXResourcesBuildPhase section */

/* Begin PBXSourcesBuildPhase section */
		DE7B4B1C1A0D0EF100FF1140 /* Sources */ = {
			isa = PBXSourcesBuildPhase;
			buildActionMask = 2147483647;
			files = (
				DEA8C93A1A10F8FA003C5761 /* MapController.swift in Sources */,
				DEA8C9361A10F8E7003C5761 /* MapModel.swift in Sources */,
				BCE9896F1A17A6A80051566F /* GoogleDataProvider.swift in Sources */,
				DEA8C9321A10F8C3003C5761 /* Location.swift in Sources */,
				DEA8C93C1A10F903003C5761 /* LocationEditorController.swift in Sources */,
				BCE989791A17A7F60051566F /* UIViewExtension.swift in Sources */,
				BCE989701A17A6A80051566F /* GooglePlace.swift in Sources */,
				DEA8C9341A10F8E1003C5761 /* Vault.swift in Sources */,
				DEA8C9441A10F928003C5761 /* SiderbarModel.swift in Sources */,
				DEA8C93E1A10F90A003C5761 /* LocationEditorView.swift in Sources */,
				BCE989771A17A7F60051566F /* MarkerInfoView.swift in Sources */,
				DE7B4B261A0D0EF100FF1140 /* AppDelegate.swift in Sources */,
				DEA8C9421A10F91F003C5761 /* SidebarController.swift in Sources */,
				DEA8C9461A10F92D003C5761 /* SidebarView.swift in Sources */,
				DEA8C9401A10F914003C5761 /* LocationEditorModel.swift in Sources */,
			);
			runOnlyForDeploymentPostprocessing = 0;
		};
		DE7B4B311A0D0EF100FF1140 /* Sources */ = {
			isa = PBXSourcesBuildPhase;
			buildActionMask = 2147483647;
			files = (
				DE7B4B3C1A0D0EF100FF1140 /* AlohaTests.swift in Sources */,
			);
			runOnlyForDeploymentPostprocessing = 0;
		};
/* End PBXSourcesBuildPhase section */

/* Begin PBXTargetDependency section */
		DE7B4B371A0D0EF100FF1140 /* PBXTargetDependency */ = {
			isa = PBXTargetDependency;
			target = DE7B4B1F1A0D0EF100FF1140 /* Aloha */;
			targetProxy = DE7B4B361A0D0EF100FF1140 /* PBXContainerItemProxy */;
		};
/* End PBXTargetDependency section */

/* Begin PBXVariantGroup section */
		DE7B4B291A0D0EF100FF1140 /* Main.storyboard */ = {
			isa = PBXVariantGroup;
			children = (
				DE7B4B2A1A0D0EF100FF1140 /* Base */,
			);
			name = Main.storyboard;
			sourceTree = "<group>";
		};
		DE7B4B2E1A0D0EF100FF1140 /* LaunchScreen.xib */ = {
			isa = PBXVariantGroup;
			children = (
				DE7B4B2F1A0D0EF100FF1140 /* Base */,
			);
			name = LaunchScreen.xib;
			sourceTree = "<group>";
		};
/* End PBXVariantGroup section */

/* Begin XCBuildConfiguration section */
		DE7B4B3D1A0D0EF100FF1140 /* Debug */ = {
			isa = XCBuildConfiguration;
			buildSettings = {
				ALWAYS_SEARCH_USER_PATHS = NO;
				CLANG_CXX_LANGUAGE_STANDARD = "gnu++0x";
				CLANG_CXX_LIBRARY = "libc++";
				CLANG_ENABLE_MODULES = YES;
				CLANG_ENABLE_OBJC_ARC = YES;
				CLANG_WARN_BOOL_CONVERSION = YES;
				CLANG_WARN_CONSTANT_CONVERSION = YES;
				CLANG_WARN_DIRECT_OBJC_ISA_USAGE = YES_ERROR;
				CLANG_WARN_EMPTY_BODY = YES;
				CLANG_WARN_ENUM_CONVERSION = YES;
				CLANG_WARN_INT_CONVERSION = YES;
				CLANG_WARN_OBJC_ROOT_CLASS = YES_ERROR;
				CLANG_WARN_UNREACHABLE_CODE = YES;
				CLANG_WARN__DUPLICATE_METHOD_MATCH = YES;
				"CODE_SIGN_IDENTITY[sdk=iphoneos*]" = "iPhone Developer";
				COPY_PHASE_STRIP = NO;
				ENABLE_STRICT_OBJC_MSGSEND = YES;
				GCC_C_LANGUAGE_STANDARD = gnu99;
				GCC_DYNAMIC_NO_PIC = NO;
				GCC_OPTIMIZATION_LEVEL = 0;
				GCC_PREPROCESSOR_DEFINITIONS = (
					"DEBUG=1",
					"$(inherited)",
				);
				GCC_SYMBOLS_PRIVATE_EXTERN = NO;
				GCC_WARN_64_TO_32_BIT_CONVERSION = YES;
				GCC_WARN_ABOUT_RETURN_TYPE = YES_ERROR;
				GCC_WARN_UNDECLARED_SELECTOR = YES;
				GCC_WARN_UNINITIALIZED_AUTOS = YES_AGGRESSIVE;
				GCC_WARN_UNUSED_FUNCTION = YES;
				GCC_WARN_UNUSED_VARIABLE = YES;
				IPHONEOS_DEPLOYMENT_TARGET = 8.1;
				MTL_ENABLE_DEBUG_INFO = YES;
				ONLY_ACTIVE_ARCH = YES;
				OTHER_LDFLAGS = "-ObjC";
				SDKROOT = iphoneos;
				SWIFT_OPTIMIZATION_LEVEL = "-Onone";
			};
			name = Debug;
		};
		DE7B4B3E1A0D0EF100FF1140 /* Release */ = {
			isa = XCBuildConfiguration;
			buildSettings = {
				ALWAYS_SEARCH_USER_PATHS = NO;
				CLANG_CXX_LANGUAGE_STANDARD = "gnu++0x";
				CLANG_CXX_LIBRARY = "libc++";
				CLANG_ENABLE_MODULES = YES;
				CLANG_ENABLE_OBJC_ARC = YES;
				CLANG_WARN_BOOL_CONVERSION = YES;
				CLANG_WARN_CONSTANT_CONVERSION = YES;
				CLANG_WARN_DIRECT_OBJC_ISA_USAGE = YES_ERROR;
				CLANG_WARN_EMPTY_BODY = YES;
				CLANG_WARN_ENUM_CONVERSION = YES;
				CLANG_WARN_INT_CONVERSION = YES;
				CLANG_WARN_OBJC_ROOT_CLASS = YES_ERROR;
				CLANG_WARN_UNREACHABLE_CODE = YES;
				CLANG_WARN__DUPLICATE_METHOD_MATCH = YES;
				"CODE_SIGN_IDENTITY[sdk=iphoneos*]" = "iPhone Developer";
				COPY_PHASE_STRIP = YES;
				ENABLE_NS_ASSERTIONS = NO;
				ENABLE_STRICT_OBJC_MSGSEND = YES;
				GCC_C_LANGUAGE_STANDARD = gnu99;
				GCC_WARN_64_TO_32_BIT_CONVERSION = YES;
				GCC_WARN_ABOUT_RETURN_TYPE = YES_ERROR;
				GCC_WARN_UNDECLARED_SELECTOR = YES;
				GCC_WARN_UNINITIALIZED_AUTOS = YES_AGGRESSIVE;
				GCC_WARN_UNUSED_FUNCTION = YES;
				GCC_WARN_UNUSED_VARIABLE = YES;
				IPHONEOS_DEPLOYMENT_TARGET = 8.1;
				MTL_ENABLE_DEBUG_INFO = NO;
				OTHER_LDFLAGS = "-ObjC";
				SDKROOT = iphoneos;
				VALIDATE_PRODUCT = YES;
			};
			name = Release;
		};
		DE7B4B401A0D0EF100FF1140 /* Debug */ = {
			isa = XCBuildConfiguration;
			buildSettings = {
				ASSETCATALOG_COMPILER_APPICON_NAME = AppIcon;
				ASSETCATALOG_COMPILER_LAUNCHIMAGE_NAME = LaunchImage;
				CLANG_ENABLE_MODULES = YES;
				FRAMEWORK_SEARCH_PATHS = (
					"$(inherited)",
					"$(PROJECT_DIR)",
				);
				INFOPLIST_FILE = Aloha/Info.plist;
				LD_RUNPATH_SEARCH_PATHS = "$(inherited) @executable_path/Frameworks";
				PRODUCT_NAME = "$(TARGET_NAME)";
				SWIFT_OBJC_BRIDGING_HEADER = "Aloha/Aloha-Bridging-Header.h";
				SWIFT_OPTIMIZATION_LEVEL = "-Onone";
			};
			name = Debug;
		};
		DE7B4B411A0D0EF100FF1140 /* Release */ = {
			isa = XCBuildConfiguration;
			buildSettings = {
				ASSETCATALOG_COMPILER_APPICON_NAME = AppIcon;
				ASSETCATALOG_COMPILER_LAUNCHIMAGE_NAME = LaunchImage;
				CLANG_ENABLE_MODULES = YES;
				FRAMEWORK_SEARCH_PATHS = (
					"$(inherited)",
					"$(PROJECT_DIR)",
				);
				INFOPLIST_FILE = Aloha/Info.plist;
				LD_RUNPATH_SEARCH_PATHS = "$(inherited) @executable_path/Frameworks";
				PRODUCT_NAME = "$(TARGET_NAME)";
				SWIFT_OBJC_BRIDGING_HEADER = "Aloha/Aloha-Bridging-Header.h";
			};
			name = Release;
		};
		DE7B4B431A0D0EF100FF1140 /* Debug */ = {
			isa = XCBuildConfiguration;
			buildSettings = {
				BUNDLE_LOADER = "$(TEST_HOST)";
				FRAMEWORK_SEARCH_PATHS = (
					"$(SDKROOT)/Developer/Library/Frameworks",
					"$(inherited)",
				);
				GCC_PREPROCESSOR_DEFINITIONS = (
					"DEBUG=1",
					"$(inherited)",
				);
				INFOPLIST_FILE = AlohaTests/Info.plist;
				LD_RUNPATH_SEARCH_PATHS = "$(inherited) @executable_path/Frameworks @loader_path/Frameworks";
				PRODUCT_NAME = "$(TARGET_NAME)";
				TEST_HOST = "$(BUILT_PRODUCTS_DIR)/Aloha.app/Aloha";
			};
			name = Debug;
		};
		DE7B4B441A0D0EF100FF1140 /* Release */ = {
			isa = XCBuildConfiguration;
			buildSettings = {
				BUNDLE_LOADER = "$(TEST_HOST)";
				FRAMEWORK_SEARCH_PATHS = (
					"$(SDKROOT)/Developer/Library/Frameworks",
					"$(inherited)",
				);
				INFOPLIST_FILE = AlohaTests/Info.plist;
				LD_RUNPATH_SEARCH_PATHS = "$(inherited) @executable_path/Frameworks @loader_path/Frameworks";
				PRODUCT_NAME = "$(TARGET_NAME)";
				TEST_HOST = "$(BUILT_PRODUCTS_DIR)/Aloha.app/Aloha";
			};
			name = Release;
		};
/* End XCBuildConfiguration section */

/* Begin XCConfigurationList section */
		DE7B4B1B1A0D0EF100FF1140 /* Build configuration list for PBXProject "Aloha" */ = {
			isa = XCConfigurationList;
			buildConfigurations = (
				DE7B4B3D1A0D0EF100FF1140 /* Debug */,
				DE7B4B3E1A0D0EF100FF1140 /* Release */,
			);
			defaultConfigurationIsVisible = 0;
			defaultConfigurationName = Release;
		};
		DE7B4B3F1A0D0EF100FF1140 /* Build configuration list for PBXNativeTarget "Aloha" */ = {
			isa = XCConfigurationList;
			buildConfigurations = (
				DE7B4B401A0D0EF100FF1140 /* Debug */,
				DE7B4B411A0D0EF100FF1140 /* Release */,
			);
			defaultConfigurationIsVisible = 0;
			defaultConfigurationName = Release;
		};
		DE7B4B421A0D0EF100FF1140 /* Build configuration list for PBXNativeTarget "AlohaTests" */ = {
			isa = XCConfigurationList;
			buildConfigurations = (
				DE7B4B431A0D0EF100FF1140 /* Debug */,
				DE7B4B441A0D0EF100FF1140 /* Release */,
			);
			defaultConfigurationIsVisible = 0;
			defaultConfigurationName = Release;
		};
/* End XCConfigurationList section */
	};
	rootObject = DE7B4B181A0D0EF100FF1140 /* Project object */;
}
